// !$*UTF8*$!
{
	archiveVersion = 1;
	classes = {
	};
	objectVersion = 56;
	objects = {

/* Begin PBXBuildFile section */
		7CF537372C6DBC1300E267BA /* AppDelegate.swift in Sources */ = {isa = PBXBuildFile; fileRef = 7CF537362C6DBC1300E267BA /* AppDelegate.swift */; };
		7CF537392C6DBC1300E267BA /* SceneDelegate.swift in Sources */ = {isa = PBXBuildFile; fileRef = 7CF537382C6DBC1300E267BA /* SceneDelegate.swift */; };
		7CF537402C6DBC1400E267BA /* Assets.xcassets in Resources */ = {isa = PBXBuildFile; fileRef = 7CF5373F2C6DBC1400E267BA /* Assets.xcassets */; };
		7CF537432C6DBC1400E267BA /* Base in Resources */ = {isa = PBXBuildFile; fileRef = 7CF537422C6DBC1400E267BA /* Base */; };
		7CF537532C6DBD6400E267BA /* QuizzVC.swift in Sources */ = {isa = PBXBuildFile; fileRef = 7CF537512C6DBD6400E267BA /* QuizzVC.swift */; };
		7CF537542C6DBD6400E267BA /* QuizzVC.xib in Resources */ = {isa = PBXBuildFile; fileRef = 7CF537522C6DBD6400E267BA /* QuizzVC.xib */; };
		7CF537562C6E1AC900E267BA /* QuizzVM.swift in Sources */ = {isa = PBXBuildFile; fileRef = 7CF537552C6E1AC900E267BA /* QuizzVM.swift */; };
		7CF537582C6E1B0300E267BA /* QuestionModel.swift in Sources */ = {isa = PBXBuildFile; fileRef = 7CF537572C6E1B0300E267BA /* QuestionModel.swift */; };
		7CF5375C2C6E1C2400E267BA /* GameRoundRepositor.swift in Sources */ = {isa = PBXBuildFile; fileRef = 7CF5375B2C6E1C2400E267BA /* GameRoundRepositor.swift */; };
		7CF537612C6E23F300E267BA /* GameRoundDataSource.swift in Sources */ = {isa = PBXBuildFile; fileRef = 7CF537602C6E23F300E267BA /* GameRoundDataSource.swift */; };
		7CF537632C6E263A00E267BA /* GameRoundModel.swift in Sources */ = {isa = PBXBuildFile; fileRef = 7CF537622C6E263A00E267BA /* GameRoundModel.swift */; };
		7CF537652C6E2EAE00E267BA /* GameRoundRepositoryImp.swift in Sources */ = {isa = PBXBuildFile; fileRef = 7CF537642C6E2EAE00E267BA /* GameRoundRepositoryImp.swift */; };
/* End PBXBuildFile section */

/* Begin PBXFileReference section */
		7CF537332C6DBC1300E267BA /* Quizzler_XIB.app */ = {isa = PBXFileReference; explicitFileType = wrapper.application; includeInIndex = 0; path = Quizzler_XIB.app; sourceTree = BUILT_PRODUCTS_DIR; };
		7CF537362C6DBC1300E267BA /* AppDelegate.swift */ = {isa = PBXFileReference; lastKnownFileType = sourcecode.swift; path = AppDelegate.swift; sourceTree = "<group>"; };
		7CF537382C6DBC1300E267BA /* SceneDelegate.swift */ = {isa = PBXFileReference; lastKnownFileType = sourcecode.swift; path = SceneDelegate.swift; sourceTree = "<group>"; };
		7CF5373F2C6DBC1400E267BA /* Assets.xcassets */ = {isa = PBXFileReference; lastKnownFileType = folder.assetcatalog; path = Assets.xcassets; sourceTree = "<group>"; };
		7CF537422C6DBC1400E267BA /* Base */ = {isa = PBXFileReference; lastKnownFileType = file.storyboard; name = Base; path = Base.lproj/LaunchScreen.storyboard; sourceTree = "<group>"; };
		7CF537442C6DBC1400E267BA /* Info.plist */ = {isa = PBXFileReference; lastKnownFileType = text.plist.xml; path = Info.plist; sourceTree = "<group>"; };
		7CF537512C6DBD6400E267BA /* QuizzVC.swift */ = {isa = PBXFileReference; lastKnownFileType = sourcecode.swift; path = QuizzVC.swift; sourceTree = "<group>"; };
		7CF537522C6DBD6400E267BA /* QuizzVC.xib */ = {isa = PBXFileReference; lastKnownFileType = file.xib; path = QuizzVC.xib; sourceTree = "<group>"; };
		7CF537552C6E1AC900E267BA /* QuizzVM.swift */ = {isa = PBXFileReference; lastKnownFileType = sourcecode.swift; path = QuizzVM.swift; sourceTree = "<group>"; };
		7CF537572C6E1B0300E267BA /* QuestionModel.swift */ = {isa = PBXFileReference; lastKnownFileType = sourcecode.swift; path = QuestionModel.swift; sourceTree = "<group>"; };
		7CF5375B2C6E1C2400E267BA /* GameRoundRepositor.swift */ = {isa = PBXFileReference; lastKnownFileType = sourcecode.swift; path = GameRoundRepositor.swift; sourceTree = "<group>"; };
		7CF537602C6E23F300E267BA /* GameRoundDataSource.swift */ = {isa = PBXFileReference; lastKnownFileType = sourcecode.swift; path = GameRoundDataSource.swift; sourceTree = "<group>"; };
		7CF537622C6E263A00E267BA /* GameRoundModel.swift */ = {isa = PBXFileReference; lastKnownFileType = sourcecode.swift; path = GameRoundModel.swift; sourceTree = "<group>"; };
		7CF537642C6E2EAE00E267BA /* GameRoundRepositoryImp.swift */ = {isa = PBXFileReference; lastKnownFileType = sourcecode.swift; path = GameRoundRepositoryImp.swift; sourceTree = "<group>"; };
/* End PBXFileReference section */

/* Begin PBXFrameworksBuildPhase section */
		7CF537302C6DBC1300E267BA /* Frameworks */ = {
			isa = PBXFrameworksBuildPhase;
			buildActionMask = 2147483647;
			files = (
			);
			runOnlyForDeploymentPostprocessing = 0;
		};
/* End PBXFrameworksBuildPhase section */

/* Begin PBXGroup section */
		7CF5372A2C6DBC1300E267BA = {
			isa = PBXGroup;
			children = (
				7CF537352C6DBC1300E267BA /* Quizzler_XIB */,
				7CF537342C6DBC1300E267BA /* Products */,
			);
			sourceTree = "<group>";
		};
		7CF537342C6DBC1300E267BA /* Products */ = {
			isa = PBXGroup;
			children = (
				7CF537332C6DBC1300E267BA /* Quizzler_XIB.app */,
			);
			name = Products;
			sourceTree = "<group>";
		};
		7CF537352C6DBC1300E267BA /* Quizzler_XIB */ = {
			isa = PBXGroup;
			children = (
				7CF537592C6E1BB300E267BA /* Data */,
				7CF537362C6DBC1300E267BA /* AppDelegate.swift */,
				7CF537382C6DBC1300E267BA /* SceneDelegate.swift */,
				7CF5374D2C6DBCAE00E267BA /* Application */,
				7CF5374F2C6DBCFA00E267BA /* Resources */,
				7CF5374E2C6DBCB400E267BA /* Domain */,
			);
			path = Quizzler_XIB;
			sourceTree = "<group>";
		};
		7CF5374B2C6DBC6000E267BA /* Models */ = {
			isa = PBXGroup;
			children = (
				7CF537572C6E1B0300E267BA /* QuestionModel.swift */,
				7CF537622C6E263A00E267BA /* GameRoundModel.swift */,
			);
			path = Models;
			sourceTree = "<group>";
		};
		7CF5374C2C6DBC6B00E267BA /* ViewControllers */ = {
			isa = PBXGroup;
			children = (
				7CF537502C6DBD4700E267BA /* Quizz */,
				7CF537412C6DBC1400E267BA /* LaunchScreen.storyboard */,
			);
			path = ViewControllers;
			sourceTree = "<group>";
		};
		7CF5374D2C6DBCAE00E267BA /* Application */ = {
			isa = PBXGroup;
			children = (
				7CF5374C2C6DBC6B00E267BA /* ViewControllers */,
			);
			path = Application;
			sourceTree = "<group>";
		};
		7CF5374E2C6DBCB400E267BA /* Domain */ = {
			isa = PBXGroup;
			children = (
				7CF5375A2C6E1BFB00E267BA /* RepositoryInterfaces */,
				7CF5374B2C6DBC6000E267BA /* Models */,
			);
			path = Domain;
			sourceTree = "<group>";
		};
		7CF5374F2C6DBCFA00E267BA /* Resources */ = {
			isa = PBXGroup;
			children = (
				7CF5373F2C6DBC1400E267BA /* Assets.xcassets */,
				7CF537442C6DBC1400E267BA /* Info.plist */,
			);
			path = Resources;
			sourceTree = "<group>";
		};
		7CF537502C6DBD4700E267BA /* Quizz */ = {
			isa = PBXGroup;
			children = (
				7CF537512C6DBD6400E267BA /* QuizzVC.swift */,
				7CF537522C6DBD6400E267BA /* QuizzVC.xib */,
				7CF537552C6E1AC900E267BA /* QuizzVM.swift */,
			);
			path = Quizz;
			sourceTree = "<group>";
		};
		7CF537592C6E1BB300E267BA /* Data */ = {
			isa = PBXGroup;
			children = (
				7CF5375E2C6E1CF300E267BA /* RepositoryImplementations */,
				7CF5375D2C6E1CEB00E267BA /* DataSources */,
			);
			path = Data;
			sourceTree = "<group>";
		};
		7CF5375A2C6E1BFB00E267BA /* RepositoryInterfaces */ = {
			isa = PBXGroup;
			children = (
				7CF5375B2C6E1C2400E267BA /* GameRoundRepositor.swift */,
			);
			path = RepositoryInterfaces;
			sourceTree = "<group>";
		};
		7CF5375D2C6E1CEB00E267BA /* DataSources */ = {
			isa = PBXGroup;
			children = (
				7CF5375F2C6E1D1C00E267BA /* Local */,
			);
			path = DataSources;
			sourceTree = "<group>";
		};
		7CF5375E2C6E1CF300E267BA /* RepositoryImplementations */ = {
			isa = PBXGroup;
			children = (
				7CF537642C6E2EAE00E267BA /* GameRoundRepositoryImp.swift */,
			);
			path = RepositoryImplementations;
			sourceTree = "<group>";
		};
		7CF5375F2C6E1D1C00E267BA /* Local */ = {
			isa = PBXGroup;
			children = (
				7CF537602C6E23F300E267BA /* GameRoundDataSource.swift */,
			);
			path = Local;
			sourceTree = "<group>";
		};
/* End PBXGroup section */

/* Begin PBXNativeTarget section */
		7CF537322C6DBC1300E267BA /* Quizzler_XIB */ = {
			isa = PBXNativeTarget;
			buildConfigurationList = 7CF537472C6DBC1400E267BA /* Build configuration list for PBXNativeTarget "Quizzler_XIB" */;
			buildPhases = (
				7CF5372F2C6DBC1300E267BA /* Sources */,
				7CF537302C6DBC1300E267BA /* Frameworks */,
				7CF537312C6DBC1300E267BA /* Resources */,
			);
			buildRules = (
			);
			dependencies = (
			);
			name = Quizzler_XIB;
			productName = Quizzler_XIB;
			productReference = 7CF537332C6DBC1300E267BA /* Quizzler_XIB.app */;
			productType = "com.apple.product-type.application";
		};
/* End PBXNativeTarget section */

/* Begin PBXProject section */
		7CF5372B2C6DBC1300E267BA /* Project object */ = {
			isa = PBXProject;
			attributes = {
				BuildIndependentTargetsInParallel = 1;
				LastSwiftUpdateCheck = 1540;
				LastUpgradeCheck = 1540;
				TargetAttributes = {
					7CF537322C6DBC1300E267BA = {
						CreatedOnToolsVersion = 15.4;
					};
				};
			};
			buildConfigurationList = 7CF5372E2C6DBC1300E267BA /* Build configuration list for PBXProject "Quizzler_XIB" */;
			compatibilityVersion = "Xcode 14.0";
			developmentRegion = en;
			hasScannedForEncodings = 0;
			knownRegions = (
				en,
				Base,
			);
			mainGroup = 7CF5372A2C6DBC1300E267BA;
			productRefGroup = 7CF537342C6DBC1300E267BA /* Products */;
			projectDirPath = "";
			projectRoot = "";
			targets = (
				7CF537322C6DBC1300E267BA /* Quizzler_XIB */,
			);
		};
/* End PBXProject section */

/* Begin PBXResourcesBuildPhase section */
		7CF537312C6DBC1300E267BA /* Resources */ = {
			isa = PBXResourcesBuildPhase;
			buildActionMask = 2147483647;
			files = (
				7CF537402C6DBC1400E267BA /* Assets.xcassets in Resources */,
				7CF537542C6DBD6400E267BA /* QuizzVC.xib in Resources */,
				7CF537432C6DBC1400E267BA /* Base in Resources */,
			);
			runOnlyForDeploymentPostprocessing = 0;
		};
/* End PBXResourcesBuildPhase section */

/* Begin PBXSourcesBuildPhase section */
		7CF5372F2C6DBC1300E267BA /* Sources */ = {
			isa = PBXSourcesBuildPhase;
			buildActionMask = 2147483647;
			files = (
				7CF537532C6DBD6400E267BA /* QuizzVC.swift in Sources */,
				7CF537372C6DBC1300E267BA /* AppDelegate.swift in Sources */,
				7CF537632C6E263A00E267BA /* GameRoundModel.swift in Sources */,
				7CF537562C6E1AC900E267BA /* QuizzVM.swift in Sources */,
				7CF537392C6DBC1300E267BA /* SceneDelegate.swift in Sources */,
				7CF537582C6E1B0300E267BA /* QuestionModel.swift in Sources */,
				7CF5375C2C6E1C2400E267BA /* GameRoundRepositor.swift in Sources */,
				7CF537652C6E2EAE00E267BA /* GameRoundRepositoryImp.swift in Sources */,
				7CF537612C6E23F300E267BA /* GameRoundDataSource.swift in Sources */,
			);
			runOnlyForDeploymentPostprocessing = 0;
		};
/* End PBXSourcesBuildPhase section */

/* Begin PBXVariantGroup section */
		7CF537412C6DBC1400E267BA /* LaunchScreen.storyboard */ = {
			isa = PBXVariantGroup;
			children = (
				7CF537422C6DBC1400E267BA /* Base */,
			);
			name = LaunchScreen.storyboard;
			sourceTree = "<group>";
		};
/* End PBXVariantGroup section */

/* Begin XCBuildConfiguration section */
		7CF537452C6DBC1400E267BA /* Debug */ = {
			isa = XCBuildConfiguration;
			buildSettings = {
				ALWAYS_SEARCH_USER_PATHS = NO;
				ASSETCATALOG_COMPILER_GENERATE_SWIFT_ASSET_SYMBOL_EXTENSIONS = YES;
				CLANG_ANALYZER_NONNULL = YES;
				CLANG_ANALYZER_NUMBER_OBJECT_CONVERSION = YES_AGGRESSIVE;
				CLANG_CXX_LANGUAGE_STANDARD = "gnu++20";
				CLANG_ENABLE_MODULES = YES;
				CLANG_ENABLE_OBJC_ARC = YES;
				CLANG_ENABLE_OBJC_WEAK = YES;
				CLANG_WARN_BLOCK_CAPTURE_AUTORELEASING = YES;
				CLANG_WARN_BOOL_CONVERSION = YES;
				CLANG_WARN_COMMA = YES;
				CLANG_WARN_CONSTANT_CONVERSION = YES;
				CLANG_WARN_DEPRECATED_OBJC_IMPLEMENTATIONS = YES;
				CLANG_WARN_DIRECT_OBJC_ISA_USAGE = YES_ERROR;
				CLANG_WARN_DOCUMENTATION_COMMENTS = YES;
				CLANG_WARN_EMPTY_BODY = YES;
				CLANG_WARN_ENUM_CONVERSION = YES;
				CLANG_WARN_INFINITE_RECURSION = YES;
				CLANG_WARN_INT_CONVERSION = YES;
				CLANG_WARN_NON_LITERAL_NULL_CONVERSION = YES;
				CLANG_WARN_OBJC_IMPLICIT_RETAIN_SELF = YES;
				CLANG_WARN_OBJC_LITERAL_CONVERSION = YES;
				CLANG_WARN_OBJC_ROOT_CLASS = YES_ERROR;
				CLANG_WARN_QUOTED_INCLUDE_IN_FRAMEWORK_HEADER = YES;
				CLANG_WARN_RANGE_LOOP_ANALYSIS = YES;
				CLANG_WARN_STRICT_PROTOTYPES = YES;
				CLANG_WARN_SUSPICIOUS_MOVE = YES;
				CLANG_WARN_UNGUARDED_AVAILABILITY = YES_AGGRESSIVE;
				CLANG_WARN_UNREACHABLE_CODE = YES;
				CLANG_WARN__DUPLICATE_METHOD_MATCH = YES;
				COPY_PHASE_STRIP = NO;
				DEBUG_INFORMATION_FORMAT = dwarf;
				ENABLE_STRICT_OBJC_MSGSEND = YES;
				ENABLE_TESTABILITY = YES;
				ENABLE_USER_SCRIPT_SANDBOXING = YES;
				GCC_C_LANGUAGE_STANDARD = gnu17;
				GCC_DYNAMIC_NO_PIC = NO;
				GCC_NO_COMMON_BLOCKS = YES;
				GCC_OPTIMIZATION_LEVEL = 0;
				GCC_PREPROCESSOR_DEFINITIONS = (
					"DEBUG=1",
					"$(inherited)",
				);
				GCC_WARN_64_TO_32_BIT_CONVERSION = YES;
				GCC_WARN_ABOUT_RETURN_TYPE = YES_ERROR;
				GCC_WARN_UNDECLARED_SELECTOR = YES;
				GCC_WARN_UNINITIALIZED_AUTOS = YES_AGGRESSIVE;
				GCC_WARN_UNUSED_FUNCTION = YES;
				GCC_WARN_UNUSED_VARIABLE = YES;
				IPHONEOS_DEPLOYMENT_TARGET = 17.5;
				LOCALIZATION_PREFERS_STRING_CATALOGS = YES;
				MTL_ENABLE_DEBUG_INFO = INCLUDE_SOURCE;
				MTL_FAST_MATH = YES;
				ONLY_ACTIVE_ARCH = YES;
				SDKROOT = iphoneos;
				SWIFT_ACTIVE_COMPILATION_CONDITIONS = "DEBUG $(inherited)";
				SWIFT_OPTIMIZATION_LEVEL = "-Onone";
			};
			name = Debug;
		};
		7CF537462C6DBC1400E267BA /* Release */ = {
			isa = XCBuildConfiguration;
			buildSettings = {
				ALWAYS_SEARCH_USER_PATHS = NO;
				ASSETCATALOG_COMPILER_GENERATE_SWIFT_ASSET_SYMBOL_EXTENSIONS = YES;
				CLANG_ANALYZER_NONNULL = YES;
				CLANG_ANALYZER_NUMBER_OBJECT_CONVERSION = YES_AGGRESSIVE;
				CLANG_CXX_LANGUAGE_STANDARD = "gnu++20";
				CLANG_ENABLE_MODULES = YES;
				CLANG_ENABLE_OBJC_ARC = YES;
				CLANG_ENABLE_OBJC_WEAK = YES;
				CLANG_WARN_BLOCK_CAPTURE_AUTORELEASING = YES;
				CLANG_WARN_BOOL_CONVERSION = YES;
				CLANG_WARN_COMMA = YES;
				CLANG_WARN_CONSTANT_CONVERSION = YES;
				CLANG_WARN_DEPRECATED_OBJC_IMPLEMENTATIONS = YES;
				CLANG_WARN_DIRECT_OBJC_ISA_USAGE = YES_ERROR;
				CLANG_WARN_DOCUMENTATION_COMMENTS = YES;
				CLANG_WARN_EMPTY_BODY = YES;
				CLANG_WARN_ENUM_CONVERSION = YES;
				CLANG_WARN_INFINITE_RECURSION = YES;
				CLANG_WARN_INT_CONVERSION = YES;
				CLANG_WARN_NON_LITERAL_NULL_CONVERSION = YES;
				CLANG_WARN_OBJC_IMPLICIT_RETAIN_SELF = YES;
				CLANG_WARN_OBJC_LITERAL_CONVERSION = YES;
				CLANG_WARN_OBJC_ROOT_CLASS = YES_ERROR;
				CLANG_WARN_QUOTED_INCLUDE_IN_FRAMEWORK_HEADER = YES;
				CLANG_WARN_RANGE_LOOP_ANALYSIS = YES;
				CLANG_WARN_STRICT_PROTOTYPES = YES;
				CLANG_WARN_SUSPICIOUS_MOVE = YES;
				CLANG_WARN_UNGUARDED_AVAILABILITY = YES_AGGRESSIVE;
				CLANG_WARN_UNREACHABLE_CODE = YES;
				CLANG_WARN__DUPLICATE_METHOD_MATCH = YES;
				COPY_PHASE_STRIP = NO;
				DEBUG_INFORMATION_FORMAT = "dwarf-with-dsym";
				ENABLE_NS_ASSERTIONS = NO;
				ENABLE_STRICT_OBJC_MSGSEND = YES;
				ENABLE_USER_SCRIPT_SANDBOXING = YES;
				GCC_C_LANGUAGE_STANDARD = gnu17;
				GCC_NO_COMMON_BLOCKS = YES;
				GCC_WARN_64_TO_32_BIT_CONVERSION = YES;
				GCC_WARN_ABOUT_RETURN_TYPE = YES_ERROR;
				GCC_WARN_UNDECLARED_SELECTOR = YES;
				GCC_WARN_UNINITIALIZED_AUTOS = YES_AGGRESSIVE;
				GCC_WARN_UNUSED_FUNCTION = YES;
				GCC_WARN_UNUSED_VARIABLE = YES;
				IPHONEOS_DEPLOYMENT_TARGET = 17.5;
				LOCALIZATION_PREFERS_STRING_CATALOGS = YES;
				MTL_ENABLE_DEBUG_INFO = NO;
				MTL_FAST_MATH = YES;
				SDKROOT = iphoneos;
				SWIFT_COMPILATION_MODE = wholemodule;
				VALIDATE_PRODUCT = YES;
			};
			name = Release;
		};
		7CF537482C6DBC1400E267BA /* Debug */ = {
			isa = XCBuildConfiguration;
			buildSettings = {
				ASSETCATALOG_COMPILER_APPICON_NAME = AppIcon;
				ASSETCATALOG_COMPILER_GLOBAL_ACCENT_COLOR_NAME = AccentColor;
				CODE_SIGN_STYLE = Automatic;
				CURRENT_PROJECT_VERSION = 1;
				GENERATE_INFOPLIST_FILE = YES;
				INFOPLIST_FILE = Quizzler_XIB/Resources/Info.plist;
				INFOPLIST_KEY_UIApplicationSupportsIndirectInputEvents = YES;
				INFOPLIST_KEY_UILaunchStoryboardName = LaunchScreen;
				INFOPLIST_KEY_UISupportedInterfaceOrientations_iPad = "UIInterfaceOrientationPortrait UIInterfaceOrientationPortraitUpsideDown UIInterfaceOrientationLandscapeLeft UIInterfaceOrientationLandscapeRight";
				INFOPLIST_KEY_UISupportedInterfaceOrientations_iPhone = "UIInterfaceOrientationPortrait UIInterfaceOrientationLandscapeLeft UIInterfaceOrientationLandscapeRight";
				LD_RUNPATH_SEARCH_PATHS = (
					"$(inherited)",
					"@executable_path/Frameworks",
				);
				MARKETING_VERSION = 1.0;
				PRODUCT_BUNDLE_IDENTIFIER = "tech.myparentsforcemetolearn.Quizzler-XIB";
				PRODUCT_NAME = "$(TARGET_NAME)";
				SWIFT_EMIT_LOC_STRINGS = YES;
				SWIFT_VERSION = 5.0;
				TARGETED_DEVICE_FAMILY = "1,2";
			};
			name = Debug;
		};
		7CF537492C6DBC1400E267BA /* Release */ = {
			isa = XCBuildConfiguration;
			buildSettings = {
				ASSETCATALOG_COMPILER_APPICON_NAME = AppIcon;
				ASSETCATALOG_COMPILER_GLOBAL_ACCENT_COLOR_NAME = AccentColor;
				CODE_SIGN_STYLE = Automatic;
				CURRENT_PROJECT_VERSION = 1;
				GENERATE_INFOPLIST_FILE = YES;
				INFOPLIST_FILE = Quizzler_XIB/Resources/Info.plist;
				INFOPLIST_KEY_UIApplicationSupportsIndirectInputEvents = YES;
				INFOPLIST_KEY_UILaunchStoryboardName = LaunchScreen;
				INFOPLIST_KEY_UISupportedInterfaceOrientations_iPad = "UIInterfaceOrientationPortrait UIInterfaceOrientationPortraitUpsideDown UIInterfaceOrientationLandscapeLeft UIInterfaceOrientationLandscapeRight";
				INFOPLIST_KEY_UISupportedInterfaceOrientations_iPhone = "UIInterfaceOrientationPortrait UIInterfaceOrientationLandscapeLeft UIInterfaceOrientationLandscapeRight";
				LD_RUNPATH_SEARCH_PATHS = (
					"$(inherited)",
					"@executable_path/Frameworks",
				);
				MARKETING_VERSION = 1.0;
				PRODUCT_BUNDLE_IDENTIFIER = "tech.myparentsforcemetolearn.Quizzler-XIB";
				PRODUCT_NAME = "$(TARGET_NAME)";
				SWIFT_EMIT_LOC_STRINGS = YES;
				SWIFT_VERSION = 5.0;
				TARGETED_DEVICE_FAMILY = "1,2";
			};
			name = Release;
		};
/* End XCBuildConfiguration section */

/* Begin XCConfigurationList section */
		7CF5372E2C6DBC1300E267BA /* Build configuration list for PBXProject "Quizzler_XIB" */ = {
			isa = XCConfigurationList;
			buildConfigurations = (
				7CF537452C6DBC1400E267BA /* Debug */,
				7CF537462C6DBC1400E267BA /* Release */,
			);
			defaultConfigurationIsVisible = 0;
			defaultConfigurationName = Release;
		};
		7CF537472C6DBC1400E267BA /* Build configuration list for PBXNativeTarget "Quizzler_XIB" */ = {
			isa = XCConfigurationList;
			buildConfigurations = (
				7CF537482C6DBC1400E267BA /* Debug */,
				7CF537492C6DBC1400E267BA /* Release */,
			);
			defaultConfigurationIsVisible = 0;
			defaultConfigurationName = Release;
		};
/* End XCConfigurationList section */
	};
	rootObject = 7CF5372B2C6DBC1300E267BA /* Project object */;
}
